
Microsoft Visual Studio Solution File, Format Version 12.00
# Visual Studio Version 17
VisualStudioVersion = 17.7.34031.279
MinimumVisualStudioVersion = 10.0.40219.1
Project("{9A19103F-16F7-4668-BE54-9A1E7A4F7556}") = "tacotron2_management", "tacotron2_management\tacotron2_management.csproj", "{348932B0-74BA-4B40-BAF3-212C754E7BFF}"
EndProject
Global
	GlobalSection(SolutionConfigurationPlatforms) = preSolution
		Debug|Any CPU = Debug|Any CPU
		Release|Any CPU = Release|Any CPU
	EndGlobalSection
	GlobalSection(ProjectConfigurationPlatforms) = postSolution
		{348932B0-74BA-4B40-BAF3-212C754E7BFF}.Debug|Any CPU.ActiveCfg = Debug|Any CPU
		{348932B0-74BA-4B40-BAF3-212C754E7BFF}.Debug|Any CPU.Build.0 = Debug|Any CPU
		{348932B0-74BA-4B40-BAF3-212C754E7BFF}.Release|Any CPU.ActiveCfg = Release|Any CPU
		{348932B0-74BA-4B40-BAF3-212C754E7BFF}.Release|Any CPU.Build.0 = Release|Any CPU
	EndGlobalSection
	GlobalSection(SolutionProperties) = preSolution
		HideSolutionNode = FALSE
	EndGlobalSection
	GlobalSection(ExtensibilityGlobals) = postSolution
		SolutionGuid = {CC050D72-89A8-4088-9B96-AE37ED72DD75}
	EndGlobalSection
EndGlobal
